github.com/josegonzalez/parsepico v0.0.0-20260718040406-d9c3e805dadf h1:Moa+/ogZEZ+MecgIQs0FV5II3XFl3QSradEX2w9ODLA=
github.com/josegonzalez/parsepico v0.0.0-20260718040406-d9c3e805dadf/go.mod h1:yaMMeNn93GJkSY9RKNmJVMSyW8+czbHH48B0WH1WWb8=
github.com/josegonzalez/parsepico v0.0.0-20260718041640-4eea9b2991d2 h1:XpVOlmiENzvwmKF75NNxveuevYnveXgZLX6Kyg6tkmg=
github.com/josegonzalez/parsepico v0.0.0-20260718041640-4eea9b2991d2/go.mod h1:yaMMeNn93GJkSY9RKNmJVMSyW8+czbHH48B0WH1WWb8=
